// !$*UTF8*$!
{
	archiveVersion = 1;
	classes = {
	};
	objectVersion = 50;
	objects = {

/* Begin PBXBuildFile section */
		3A94BF642406D6F30050056B /* AppDelegate.swift in Sources */ = {isa = PBXBuildFile; fileRef = 3A94BF632406D6F30050056B /* AppDelegate.swift */; };
		3A94BF662406D6F30050056B /* SceneDelegate.swift in Sources */ = {isa = PBXBuildFile; fileRef = 3A94BF652406D6F30050056B /* SceneDelegate.swift */; };
		3A94BF682406D6F30050056B /* ViewController.swift in Sources */ = {isa = PBXBuildFile; fileRef = 3A94BF672406D6F30050056B /* ViewController.swift */; };
		3A94BF6B2406D6F30050056B /* Main.storyboard in Resources */ = {isa = PBXBuildFile; fileRef = 3A94BF692406D6F30050056B /* Main.storyboard */; };
		3A94BF6E2406D6F30050056B /* Course___1st_swift_apps___HW_09.xcdatamodeld in Sources */ = {isa = PBXBuildFile; fileRef = 3A94BF6C2406D6F30050056B /* Course___1st_swift_apps___HW_09.xcdatamodeld */; };
		3A94BF702406D6F50050056B /* Assets.xcassets in Resources */ = {isa = PBXBuildFile; fileRef = 3A94BF6F2406D6F50050056B /* Assets.xcassets */; };
		3A94BF732406D6F50050056B /* LaunchScreen.storyboard in Resources */ = {isa = PBXBuildFile; fileRef = 3A94BF712406D6F50050056B /* LaunchScreen.storyboard */; };
/* End PBXBuildFile section */

/* Begin PBXFileReference section */
		3A94BF602406D6F30050056B /* Course - 1st swift apps - HW-09.app */ = {isa = PBXFileReference; explicitFileType = wrapper.application; includeInIndex = 0; path = "Course - 1st swift apps - HW-09.app"; sourceTree = BUILT_PRODUCTS_DIR; };
		3A94BF632406D6F30050056B /* AppDelegate.swift */ = {isa = PBXFileReference; lastKnownFileType = sourcecode.swift; path = AppDelegate.swift; sourceTree = "<group>"; };
		3A94BF652406D6F30050056B /* SceneDelegate.swift */ = {isa = PBXFileReference; lastKnownFileType = sourcecode.swift; path = SceneDelegate.swift; sourceTree = "<group>"; };
		3A94BF672406D6F30050056B /* ViewController.swift */ = {isa = PBXFileReference; lastKnownFileType = sourcecode.swift; path = ViewController.swift; sourceTree = "<group>"; };
		3A94BF6A2406D6F30050056B /* Base */ = {isa = PBXFileReference; lastKnownFileType = file.storyboard; name = Base; path = Base.lproj/Main.storyboard; sourceTree = "<group>"; };
		3A94BF6D2406D6F30050056B /* Course___1st_swift_apps___HW_09.xcdatamodel */ = {isa = PBXFileReference; lastKnownFileType = wrapper.xcdatamodel; path = "Course___1st_swift_apps___HW_09.xcdatamodel"; sourceTree = "<group>"; };
		3A94BF6F2406D6F50050056B /* Assets.xcassets */ = {isa = PBXFileReference; lastKnownFileType = folder.assetcatalog; path = Assets.xcassets; sourceTree = "<group>"; };
		3A94BF722406D6F50050056B /* Base */ = {isa = PBXFileReference; lastKnownFileType = file.storyboard; name = Base; path = Base.lproj/LaunchScreen.storyboard; sourceTree = "<group>"; };
		3A94BF742406D6F50050056B /* Info.plist */ = {isa = PBXFileReference; lastKnownFileType = text.plist.xml; path = Info.plist; sourceTree = "<group>"; };
/* End PBXFileReference section */

/* Begin PBXFrameworksBuildPhase section */
		3A94BF5D2406D6F30050056B /* Frameworks */ = {
			isa = PBXFrameworksBuildPhase;
			buildActionMask = 2147483647;
			files = (
			);
			runOnlyForDeploymentPostprocessing = 0;
		};
/* End PBXFrameworksBuildPhase section */

/* Begin PBXGroup section */
		3A94BF572406D6F30050056B = {
			isa = PBXGroup;
			children = (
				3A94BF622406D6F30050056B /* Course - 1st swift apps - HW-09 */,
				3A94BF612406D6F30050056B /* Products */,
			);
			sourceTree = "<group>";
		};
		3A94BF612406D6F30050056B /* Products */ = {
			isa = PBXGroup;
			children = (
				3A94BF602406D6F30050056B /* Course - 1st swift apps - HW-09.app */,
			);
			name = Products;
			sourceTree = "<group>";
		};
		3A94BF622406D6F30050056B /* Course - 1st swift apps - HW-09 */ = {
			isa = PBXGroup;
			children = (
				3A94BF632406D6F30050056B /* AppDelegate.swift */,
				3A94BF652406D6F30050056B /* SceneDelegate.swift */,
				3A94BF672406D6F30050056B /* ViewController.swift */,
				3A94BF692406D6F30050056B /* Main.storyboard */,
				3A94BF6F2406D6F50050056B /* Assets.xcassets */,
				3A94BF712406D6F50050056B /* LaunchScreen.storyboard */,
				3A94BF742406D6F50050056B /* Info.plist */,
				3A94BF6C2406D6F30050056B /* Course___1st_swift_apps___HW_09.xcdatamodeld */,
			);
			path = "Course - 1st swift apps - HW-09";
			sourceTree = "<group>";
		};
/* End PBXGroup section */

/* Begin PBXNativeTarget section */
		3A94BF5F2406D6F30050056B /* Course - 1st swift apps - HW-09 */ = {
			isa = PBXNativeTarget;
			buildConfigurationList = 3A94BF772406D6F50050056B /* Build configuration list for PBXNativeTarget "Course - 1st swift apps - HW-09" */;
			buildPhases = (
				3A94BF5C2406D6F30050056B /* Sources */,
				3A94BF5D2406D6F30050056B /* Frameworks */,
				3A94BF5E2406D6F30050056B /* Resources */,
			);
			buildRules = (
			);
			dependencies = (
			);
			name = "Course - 1st swift apps - HW-09";
			productName = "Course - 1st swift apps - HW-09";
			productReference = 3A94BF602406D6F30050056B /* Course - 1st swift apps - HW-09.app */;
			productType = "com.apple.product-type.application";
		};
/* End PBXNativeTarget section */

/* Begin PBXProject section */
		3A94BF582406D6F30050056B /* Project object */ = {
			isa = PBXProject;
			attributes = {
				LastSwiftUpdateCheck = 1130;
				LastUpgradeCheck = 1130;
				ORGANIZATIONNAME = "Lev Litvak";
				TargetAttributes = {
					3A94BF5F2406D6F30050056B = {
						CreatedOnToolsVersion = 11.3.1;
					};
				};
			};
			buildConfigurationList = 3A94BF5B2406D6F30050056B /* Build configuration list for PBXProject "Course - 1st swift apps - HW-09" */;
			compatibilityVersion = "Xcode 9.3";
			developmentRegion = en;
			hasScannedForEncodings = 0;
			knownRegions = (
				en,
				Base,
			);
			mainGroup = 3A94BF572406D6F30050056B;
			productRefGroup = 3A94BF612406D6F30050056B /* Products */;
			projectDirPath = "";
			projectRoot = "";
			targets = (
				3A94BF5F2406D6F30050056B /* Course - 1st swift apps - HW-09 */,
			);
		};
/* End PBXProject section */

/* Begin PBXResourcesBuildPhase section */
		3A94BF5E2406D6F30050056B /* Resources */ = {
			isa = PBXResourcesBuildPhase;
			buildActionMask = 2147483647;
			files = (
				3A94BF732406D6F50050056B /* LaunchScreen.storyboard in Resources */,
				3A94BF702406D6F50050056B /* Assets.xcassets in Resources */,
				3A94BF6B2406D6F30050056B /* Main.storyboard in Resources */,
			);
			runOnlyForDeploymentPostprocessing = 0;
		};
/* End PBXResourcesBuildPhase section */

/* Begin PBXSourcesBuildPhase section */
		3A94BF5C2406D6F30050056B /* Sources */ = {
			isa = PBXSourcesBuildPhase;
			buildActionMask = 2147483647;
			files = (
				3A94BF682406D6F30050056B /* ViewController.swift in Sources */,
				3A94BF6E2406D6F30050056B /* Course___1st_swift_apps___HW_09.xcdatamodeld in Sources */,
				3A94BF642406D6F30050056B /* AppDelegate.swift in Sources */,
				3A94BF662406D6F30050056B /* SceneDelegate.swift in Sources */,
			);
			runOnlyForDeploymentPostprocessing = 0;
		};
/* End PBXSourcesBuildPhase section */

/* Begin PBXVariantGroup section */
		3A94BF692406D6F30050056B /* Main.storyboard */ = {
			isa = PBXVariantGroup;
			children = (
				3A94BF6A2406D6F30050056B /* Base */,
			);
			name = Main.storyboard;
			sourceTree = "<group>";
		};
		3A94BF712406D6F50050056B /* LaunchScreen.storyboard */ = {
			isa = PBXVariantGroup;
			children = (
				3A94BF722406D6F50050056B /* Base */,
			);
			name = LaunchScreen.storyboard;
			sourceTree = "<group>";
		};
/* End PBXVariantGroup section */

/* Begin XCBuildConfiguration section */
		3A94BF752406D6F50050056B /* Debug */ = {
			isa = XCBuildConfiguration;
			buildSettings = {
				ALWAYS_SEARCH_USER_PATHS = NO;
				CLANG_ANALYZER_NONNULL = YES;
				CLANG_ANALYZER_NUMBER_OBJECT_CONVERSION = YES_AGGRESSIVE;
				CLANG_CXX_LANGUAGE_STANDARD = "gnu++14";
				CLANG_CXX_LIBRARY = "libc++";
				CLANG_ENABLE_MODULES = YES;
				CLANG_ENABLE_OBJC_ARC = YES;
				CLANG_ENABLE_OBJC_WEAK = YES;
				CLANG_WARN_BLOCK_CAPTURE_AUTORELEASING = YES;
				CLANG_WARN_BOOL_CONVERSION = YES;
				CLANG_WARN_COMMA = YES;
				CLANG_WARN_CONSTANT_CONVERSION = YES;
				CLANG_WARN_DEPRECATED_OBJC_IMPLEMENTATIONS = YES;
				CLANG_WARN_DIRECT_OBJC_ISA_USAGE = YES_ERROR;
				CLANG_WARN_DOCUMENTATION_COMMENTS = YES;
				CLANG_WARN_EMPTY_BODY = YES;
				CLANG_WARN_ENUM_CONVERSION = YES;
				CLANG_WARN_INFINITE_RECURSION = YES;
				CLANG_WARN_INT_CONVERSION = YES;
				CLANG_WARN_NON_LITERAL_NULL_CONVERSION = YES;
				CLANG_WARN_OBJC_IMPLICIT_RETAIN_SELF = YES;
				CLANG_WARN_OBJC_LITERAL_CONVERSION = YES;
				CLANG_WARN_OBJC_ROOT_CLASS = YES_ERROR;
				CLANG_WARN_RANGE_LOOP_ANALYSIS = YES;
				CLANG_WARN_STRICT_PROTOTYPES = YES;
				CLANG_WARN_SUSPICIOUS_MOVE = YES;
				CLANG_WARN_UNGUARDED_AVAILABILITY = YES_AGGRESSIVE;
				CLANG_WARN_UNREACHABLE_CODE = YES;
				CLANG_WARN__DUPLICATE_METHOD_MATCH = YES;
				COPY_PHASE_STRIP = NO;
				DEBUG_INFORMATION_FORMAT = dwarf;
				ENABLE_STRICT_OBJC_MSGSEND = YES;
				ENABLE_TESTABILITY = YES;
				GCC_C_LANGUAGE_STANDARD = gnu11;
				GCC_DYNAMIC_NO_PIC = NO;
				GCC_NO_COMMON_BLOCKS = YES;
				GCC_OPTIMIZATION_LEVEL = 0;
				GCC_PREPROCESSOR_DEFINITIONS = (
					"DEBUG=1",
					"$(inherited)",
				);
				GCC_WARN_64_TO_32_BIT_CONVERSION = YES;
				GCC_WARN_ABOUT_RETURN_TYPE = YES_ERROR;
				GCC_WARN_UNDECLARED_SELECTOR = YES;
				GCC_WARN_UNINITIALIZED_AUTOS = YES_AGGRESSIVE;
				GCC_WARN_UNUSED_FUNCTION = YES;
				GCC_WARN_UNUSED_VARIABLE = YES;
				IPHONEOS_DEPLOYMENT_TARGET = 13.2;
				MTL_ENABLE_DEBUG_INFO = INCLUDE_SOURCE;
				MTL_FAST_MATH = YES;
				ONLY_ACTIVE_ARCH = YES;
				SDKROOT = iphoneos;
				SWIFT_ACTIVE_COMPILATION_CONDITIONS = DEBUG;
				SWIFT_OPTIMIZATION_LEVEL = "-Onone";
			};
			name = Debug;
		};
		3A94BF762406D6F50050056B /* Release */ = {
			isa = XCBuildConfiguration;
			buildSettings = {
				ALWAYS_SEARCH_USER_PATHS = NO;
				CLANG_ANALYZER_NONNULL = YES;
				CLANG_ANALYZER_NUMBER_OBJECT_CONVERSION = YES_AGGRESSIVE;
				CLANG_CXX_LANGUAGE_STANDARD = "gnu++14";
				CLANG_CXX_LIBRARY = "libc++";
				CLANG_ENABLE_MODULES = YES;
				CLANG_ENABLE_OBJC_ARC = YES;
				CLANG_ENABLE_OBJC_WEAK = YES;
				CLANG_WARN_BLOCK_CAPTURE_AUTORELEASING = YES;
				CLANG_WARN_BOOL_CONVERSION = YES;
				CLANG_WARN_COMMA = YES;
				CLANG_WARN_CONSTANT_CONVERSION = YES;
				CLANG_WARN_DEPRECATED_OBJC_IMPLEMENTATIONS = YES;
				CLANG_WARN_DIRECT_OBJC_ISA_USAGE = YES_ERROR;
				CLANG_WARN_DOCUMENTATION_COMMENTS = YES;
				CLANG_WARN_EMPTY_BODY = YES;
				CLANG_WARN_ENUM_CONVERSION = YES;
				CLANG_WARN_INFINITE_RECURSION = YES;
				CLANG_WARN_INT_CONVERSION = YES;
				CLANG_WARN_NON_LITERAL_NULL_CONVERSION = YES;
				CLANG_WARN_OBJC_IMPLICIT_RETAIN_SELF = YES;
				CLANG_WARN_OBJC_LITERAL_CONVERSION = YES;
				CLANG_WARN_OBJC_ROOT_CLASS = YES_ERROR;
				CLANG_WARN_RANGE_LOOP_ANALYSIS = YES;
				CLANG_WARN_STRICT_PROTOTYPES = YES;
				CLANG_WARN_SUSPICIOUS_MOVE = YES;
				CLANG_WARN_UNGUARDED_AVAILABILITY = YES_AGGRESSIVE;
				CLANG_WARN_UNREACHABLE_CODE = YES;
				CLANG_WARN__DUPLICATE_METHOD_MATCH = YES;
				COPY_PHASE_STRIP = NO;
				DEBUG_INFORMATION_FORMAT = "dwarf-with-dsym";
				ENABLE_NS_ASSERTIONS = NO;
				ENABLE_STRICT_OBJC_MSGSEND = YES;
				GCC_C_LANGUAGE_STANDARD = gnu11;
				GCC_NO_COMMON_BLOCKS = YES;
				GCC_WARN_64_TO_32_BIT_CONVERSION = YES;
				GCC_WARN_ABOUT_RETURN_TYPE = YES_ERROR;
				GCC_WARN_UNDECLARED_SELECTOR = YES;
				GCC_WARN_UNINITIALIZED_AUTOS = YES_AGGRESSIVE;
				GCC_WARN_UNUSED_FUNCTION = YES;
				GCC_WARN_UNUSED_VARIABLE = YES;
				IPHONEOS_DEPLOYMENT_TARGET = 13.2;
				MTL_ENABLE_DEBUG_INFO = NO;
				MTL_FAST_MATH = YES;
				SDKROOT = iphoneos;
				SWIFT_COMPILATION_MODE = wholemodule;
				SWIFT_OPTIMIZATION_LEVEL = "-O";
				VALIDATE_PRODUCT = YES;
			};
			name = Release;
		};
		3A94BF782406D6F50050056B /* Debug */ = {
			isa = XCBuildConfiguration;
			buildSettings = {
				ASSETCATALOG_COMPILER_APPICON_NAME = AppIcon;
				CODE_SIGN_STYLE = Automatic;
				DEVELOPMENT_TEAM = 836WWF38RW;
				INFOPLIST_FILE = "Course - 1st swift apps - HW-09/Info.plist";
				LD_RUNPATH_SEARCH_PATHS = (
					"$(inherited)",
					"@executable_path/Frameworks",
				);
				PRODUCT_BUNDLE_IDENTIFIER = "Lev-Litvak.Course---1st-swift-apps---HW-09";
				PRODUCT_NAME = "$(TARGET_NAME)";
				SWIFT_VERSION = 5.0;
				TARGETED_DEVICE_FAMILY = "1,2";
			};
			name = Debug;
		};
		3A94BF792406D6F50050056B /* Release */ = {
			isa = XCBuildConfiguration;
			buildSettings = {
				ASSETCATALOG_COMPILER_APPICON_NAME = AppIcon;
				CODE_SIGN_STYLE = Automatic;
				DEVELOPMENT_TEAM = 836WWF38RW;
				INFOPLIST_FILE = "Course - 1st swift apps - HW-09/Info.plist";
				LD_RUNPATH_SEARCH_PATHS = (
					"$(inherited)",
					"@executable_path/Frameworks",
				);
				PRODUCT_BUNDLE_IDENTIFIER = "Lev-Litvak.Course---1st-swift-apps---HW-09";
				PRODUCT_NAME = "$(TARGET_NAME)";
				SWIFT_VERSION = 5.0;
				TARGETED_DEVICE_FAMILY = "1,2";
			};
			name = Release;
		};
/* End XCBuildConfiguration section */

/* Begin XCConfigurationList section */
		3A94BF5B2406D6F30050056B /* Build configuration list for PBXProject "Course - 1st swift apps - HW-09" */ = {
			isa = XCConfigurationList;
			buildConfigurations = (
				3A94BF752406D6F50050056B /* Debug */,
				3A94BF762406D6F50050056B /* Release */,
			);
			defaultConfigurationIsVisible = 0;
			defaultConfigurationName = Release;
		};
		3A94BF772406D6F50050056B /* Build configuration list for PBXNativeTarget "Course - 1st swift apps - HW-09" */ = {
			isa = XCConfigurationList;
			buildConfigurations = (
				3A94BF782406D6F50050056B /* Debug */,
				3A94BF792406D6F50050056B /* Release */,
			);
			defaultConfigurationIsVisible = 0;
			defaultConfigurationName = Release;
		};
/* End XCConfigurationList section */

/* Begin XCVersionGroup section */
		3A94BF6C2406D6F30050056B /* Course___1st_swift_apps___HW_09.xcdatamodeld */ = {
			isa = XCVersionGroup;
			children = (
				3A94BF6D2406D6F30050056B /* Course___1st_swift_apps___HW_09.xcdatamodel */,
			);
			currentVersion = 3A94BF6D2406D6F30050056B /* Course___1st_swift_apps___HW_09.xcdatamodel */;
			path = "Course___1st_swift_apps___HW_09.xcdatamodeld";
			sourceTree = "<group>";
			versionGroupType = wrapper.xcdatamodel;
		};
/* End XCVersionGroup section */
	};
	rootObject = 3A94BF582406D6F30050056B /* Project object */;
}
